// !$*UTF8*$!
{
	archiveVersion = 1;
	classes = {
	};
	objectVersion = 50;
	objects = {

/* Begin PBXBuildFile section */
		2003C4402480232900279BBD /* TwilioVerifyError.swift in Sources */ = {isa = PBXBuildFile; fileRef = 2003C43F2480232900279BBD /* TwilioVerifyError.swift */; };
		2019ABFD2486F712009728E4 /* URLSessionMock.swift in Sources */ = {isa = PBXBuildFile; fileRef = 2019ABFC2486F712009728E4 /* URLSessionMock.swift */; };
		2019ABFF2486F74B009728E4 /* NetworkAdapterTests.swift in Sources */ = {isa = PBXBuildFile; fileRef = 2019ABFE2486F74B009728E4 /* NetworkAdapterTests.swift */; };
		2060CFFB248574AF001DD494 /* BasicAuthorizationTests.swift in Sources */ = {isa = PBXBuildFile; fileRef = 2060CFFA248574AF001DD494 /* BasicAuthorizationTests.swift */; };
		2060CFFE24857614001DD494 /* HTTPHeadersTests.swift in Sources */ = {isa = PBXBuildFile; fileRef = 2060CFFD24857614001DD494 /* HTTPHeadersTests.swift */; };
		2060D00024857976001DD494 /* ParametersTests.swift in Sources */ = {isa = PBXBuildFile; fileRef = 2060CFFF24857976001DD494 /* ParametersTests.swift */; };
		2093571D24870A7F008FDBCC /* Factor.swift in Sources */ = {isa = PBXBuildFile; fileRef = 2093571C24870A7F008FDBCC /* Factor.swift */; };
		2093572324870BBE008FDBCC /* FactorInput.swift in Sources */ = {isa = PBXBuildFile; fileRef = 2093572224870BBE008FDBCC /* FactorInput.swift */; };
		2093572724870CAF008FDBCC /* VerifyFactorInput.swift in Sources */ = {isa = PBXBuildFile; fileRef = 2093572624870CAF008FDBCC /* VerifyFactorInput.swift */; };
		2093573024870DA7008FDBCC /* FactorPayload.swift in Sources */ = {isa = PBXBuildFile; fileRef = 2093572F24870DA7008FDBCC /* FactorPayload.swift */; };
		2093573224871168008FDBCC /* PushFactor.swift in Sources */ = {isa = PBXBuildFile; fileRef = 2093573124871168008FDBCC /* PushFactor.swift */; };
		2093573824871378008FDBCC /* FactorChallenge.swift in Sources */ = {isa = PBXBuildFile; fileRef = 2093573724871378008FDBCC /* FactorChallenge.swift */; };
		2093573A24871390008FDBCC /* Challenge.swift in Sources */ = {isa = PBXBuildFile; fileRef = 2093573924871390008FDBCC /* Challenge.swift */; };
		2093573C248717EF008FDBCC /* ChallengeList.swift in Sources */ = {isa = PBXBuildFile; fileRef = 2093573B248717EF008FDBCC /* ChallengeList.swift */; };
		2093573E24871827008FDBCC /* Metadata.swift in Sources */ = {isa = PBXBuildFile; fileRef = 2093573D24871827008FDBCC /* Metadata.swift */; };
		209357402487185A008FDBCC /* ChallengeListInput.swift in Sources */ = {isa = PBXBuildFile; fileRef = 2093573F2487185A008FDBCC /* ChallengeListInput.swift */; };
		20935746248719A9008FDBCC /* UpdateChallengeInput.swift in Sources */ = {isa = PBXBuildFile; fileRef = 20935745248719A9008FDBCC /* UpdateChallengeInput.swift */; };
		20935748248719D5008FDBCC /* UpdateFactorInput.swift in Sources */ = {isa = PBXBuildFile; fileRef = 20935747248719D5008FDBCC /* UpdateFactorInput.swift */; };
		20A92FC8248197CB00A9E8E7 /* URLRequestBuilder.swift in Sources */ = {isa = PBXBuildFile; fileRef = 20A92FC7248197CB00A9E8E7 /* URLRequestBuilder.swift */; };
		20A92FCA248197F600A9E8E7 /* HTTPMethod.swift in Sources */ = {isa = PBXBuildFile; fileRef = 20A92FC9248197F600A9E8E7 /* HTTPMethod.swift */; };
		20A92FCC24819B0900A9E8E7 /* RequestHelper.swift in Sources */ = {isa = PBXBuildFile; fileRef = 20A92FCB24819B0900A9E8E7 /* RequestHelper.swift */; };
		20A92FCE24819E2600A9E8E7 /* MediaType.swift in Sources */ = {isa = PBXBuildFile; fileRef = 20A92FCD24819E2600A9E8E7 /* MediaType.swift */; };
		20A92FD02481B98A00A9E8E7 /* BasicAuthorization.swift in Sources */ = {isa = PBXBuildFile; fileRef = 20A92FCF2481B98A00A9E8E7 /* BasicAuthorization.swift */; };
		20A92FD22481BEF400A9E8E7 /* NetworkError.swift in Sources */ = {isa = PBXBuildFile; fileRef = 20A92FD12481BEF400A9E8E7 /* NetworkError.swift */; };
		20A92FD42481C9E000A9E8E7 /* HTTPHeaders.swift in Sources */ = {isa = PBXBuildFile; fileRef = 20A92FD32481C9E000A9E8E7 /* HTTPHeaders.swift */; };
		20A92FD62481CF6200A9E8E7 /* Parameters.swift in Sources */ = {isa = PBXBuildFile; fileRef = 20A92FD52481CF6200A9E8E7 /* Parameters.swift */; };
		20B8A3ED24855841003F69EB /* URLRequestBuilderTests.swift in Sources */ = {isa = PBXBuildFile; fileRef = 20B8A3EC24855841003F69EB /* URLRequestBuilderTests.swift */; };
		20B8A3EF248559F2003F69EB /* RequestHelperTests.swift in Sources */ = {isa = PBXBuildFile; fileRef = 20B8A3EE248559F2003F69EB /* RequestHelperTests.swift */; };
		20C0B19B2486DB640041E67F /* NetworkProvider.swift in Sources */ = {isa = PBXBuildFile; fileRef = 20C0B19A2486DB640041E67F /* NetworkProvider.swift */; };
		20C0B19F2486DDED0041E67F /* URLSession+Extensions.swift in Sources */ = {isa = PBXBuildFile; fileRef = 20C0B19E2486DDED0041E67F /* URLSession+Extensions.swift */; };
		20DCEA902486F1EA0017947B /* Response.swift in Sources */ = {isa = PBXBuildFile; fileRef = 20DCEA8F2486F1EA0017947B /* Response.swift */; };
		F20CB4212476DE7A0061A2D8 /* KeyManager.swift in Sources */ = {isa = PBXBuildFile; fileRef = F20CB4202476DE7A0061A2D8 /* KeyManager.swift */; };
		F20CB4262476DF570061A2D8 /* Keychain.swift in Sources */ = {isa = PBXBuildFile; fileRef = F20CB4252476DF570061A2D8 /* Keychain.swift */; };
		F20CB42C2476E4400061A2D8 /* ECP256SignerTemplateTests.swift in Sources */ = {isa = PBXBuildFile; fileRef = F20CB42B2476E4400061A2D8 /* ECP256SignerTemplateTests.swift */; };
		F20CB4302476E5580061A2D8 /* KeychainMock.swift in Sources */ = {isa = PBXBuildFile; fileRef = F20CB42F2476E5580061A2D8 /* KeychainMock.swift */; };
		F20CB4322476E6380061A2D8 /* KeyManagerMock.swift in Sources */ = {isa = PBXBuildFile; fileRef = F20CB4312476E6380061A2D8 /* KeyManagerMock.swift */; };
		F20CB4472477299E0061A2D8 /* ECSigner.swift in Sources */ = {isa = PBXBuildFile; fileRef = F20CB4462477299E0061A2D8 /* ECSigner.swift */; };
		F20CB44C24773C180061A2D8 /* ECSignerTests.swift in Sources */ = {isa = PBXBuildFile; fileRef = F20CB44B24773C180061A2D8 /* ECSignerTests.swift */; };
		F20CB44F2477413E0061A2D8 /* KeyPairFactory.swift in Sources */ = {isa = PBXBuildFile; fileRef = F20CB44E2477413E0061A2D8 /* KeyPairFactory.swift */; };
		F20CB452247749A70061A2D8 /* TestError.swift in Sources */ = {isa = PBXBuildFile; fileRef = F20CB451247749A60061A2D8 /* TestError.swift */; };
		F2358B3E2480285200C2D1AB /* KeychainTests.swift in Sources */ = {isa = PBXBuildFile; fileRef = F2358B3D2480285200C2D1AB /* KeychainTests.swift */; };
		F27F7A3824858DCB001F2869 /* KeychainQuery.swift in Sources */ = {isa = PBXBuildFile; fileRef = F27F7A3724858DCB001F2869 /* KeychainQuery.swift */; };
		F27F7A3C2485972E001F2869 /* KeyManagerTests.swift in Sources */ = {isa = PBXBuildFile; fileRef = F27F7A3B2485972E001F2869 /* KeyManagerTests.swift */; };
		F27F7A3E2485973E001F2869 /* KeychainQueryTests.swift in Sources */ = {isa = PBXBuildFile; fileRef = F27F7A3D2485973E001F2869 /* KeychainQueryTests.swift */; };
		F27F7A402485AF96001F2869 /* KeyPair.swift in Sources */ = {isa = PBXBuildFile; fileRef = F27F7A3F2485AF96001F2869 /* KeyPair.swift */; };
		F2AA3782246F30BF00B9388F /* TwilioVerify.framework in Frameworks */ = {isa = PBXBuildFile; fileRef = F2AA3778246F30BE00B9388F /* TwilioVerify.framework */; };
		F2AA3787246F30BF00B9388F /* TwilioVerifyTests.swift in Sources */ = {isa = PBXBuildFile; fileRef = F2AA3786246F30BF00B9388F /* TwilioVerifyTests.swift */; };
		F2AA3789246F30BF00B9388F /* TwilioVerify.h in Headers */ = {isa = PBXBuildFile; fileRef = F2AA377B246F30BE00B9388F /* TwilioVerify.h */; settings = {ATTRIBUTES = (Public, ); }; };
		F2AA37A0246F313500B9388F /* TwilioSecurity.framework in Frameworks */ = {isa = PBXBuildFile; fileRef = F2AA3797246F313500B9388F /* TwilioSecurity.framework */; };
		F2AA37A7246F313500B9388F /* TwilioSecurity.h in Headers */ = {isa = PBXBuildFile; fileRef = F2AA3799246F313500B9388F /* TwilioSecurity.h */; settings = {ATTRIBUTES = (Public, ); }; };
		F2AA37AF246F314000B9388F /* TwilioSecurity.framework in Frameworks */ = {isa = PBXBuildFile; fileRef = F2AA3797246F313500B9388F /* TwilioSecurity.framework */; };
		F2AA37B0246F314000B9388F /* TwilioSecurity.framework in Embed Frameworks */ = {isa = PBXBuildFile; fileRef = F2AA3797246F313500B9388F /* TwilioSecurity.framework */; settings = {ATTRIBUTES = (CodeSignOnCopy, RemoveHeadersOnCopy, ); }; };
		F2DF31722473013A00CF4DC3 /* Template.swift in Sources */ = {isa = PBXBuildFile; fileRef = F2DF31712473013A00CF4DC3 /* Template.swift */; };
		F2DF31742473024300CF4DC3 /* ECP256SignerTemplate.swift in Sources */ = {isa = PBXBuildFile; fileRef = F2DF31732473024300CF4DC3 /* ECP256SignerTemplate.swift */; };
		F2F62FA0248846D800E330E4 /* AppDelegate.swift in Sources */ = {isa = PBXBuildFile; fileRef = F2F62F9F248846D800E330E4 /* AppDelegate.swift */; };
		F2F62FA2248846D800E330E4 /* SceneDelegate.swift in Sources */ = {isa = PBXBuildFile; fileRef = F2F62FA1248846D800E330E4 /* SceneDelegate.swift */; };
		F2F62FA4248846D800E330E4 /* ViewController.swift in Sources */ = {isa = PBXBuildFile; fileRef = F2F62FA3248846D800E330E4 /* ViewController.swift */; };
		F2F62FA7248846D800E330E4 /* Main.storyboard in Resources */ = {isa = PBXBuildFile; fileRef = F2F62FA5248846D800E330E4 /* Main.storyboard */; };
		F2F62FA9248846DC00E330E4 /* Assets.xcassets in Resources */ = {isa = PBXBuildFile; fileRef = F2F62FA8248846DC00E330E4 /* Assets.xcassets */; };
		F2F62FAC248846DC00E330E4 /* LaunchScreen.storyboard in Resources */ = {isa = PBXBuildFile; fileRef = F2F62FAA248846DC00E330E4 /* LaunchScreen.storyboard */; };
/* End PBXBuildFile section */

/* Begin PBXContainerItemProxy section */
		F2AA3783246F30BF00B9388F /* PBXContainerItemProxy */ = {
			isa = PBXContainerItemProxy;
			containerPortal = F2AA376F246F30BE00B9388F /* Project object */;
			proxyType = 1;
			remoteGlobalIDString = F2AA3777246F30BE00B9388F;
			remoteInfo = TwilioVerify;
		};
		F2AA37A1246F313500B9388F /* PBXContainerItemProxy */ = {
			isa = PBXContainerItemProxy;
			containerPortal = F2AA376F246F30BE00B9388F /* Project object */;
			proxyType = 1;
			remoteGlobalIDString = F2AA3796246F313500B9388F;
			remoteInfo = Security;
		};
		F2AA37B1246F314000B9388F /* PBXContainerItemProxy */ = {
			isa = PBXContainerItemProxy;
			containerPortal = F2AA376F246F30BE00B9388F /* Project object */;
			proxyType = 1;
			remoteGlobalIDString = F2AA3796246F313500B9388F;
			remoteInfo = Security;
		};
		F2F62FB124884BFE00E330E4 /* PBXContainerItemProxy */ = {
			isa = PBXContainerItemProxy;
			containerPortal = F2AA376F246F30BE00B9388F /* Project object */;
			proxyType = 1;
			remoteGlobalIDString = F2F62F9C248846D800E330E4;
			remoteInfo = HostApp;
		};
/* End PBXContainerItemProxy section */

/* Begin PBXCopyFilesBuildPhase section */
		F2AA37B3246F314000B9388F /* Embed Frameworks */ = {
			isa = PBXCopyFilesBuildPhase;
			buildActionMask = 2147483647;
			dstPath = "";
			dstSubfolderSpec = 10;
			files = (
				F2AA37B0246F314000B9388F /* TwilioSecurity.framework in Embed Frameworks */,
			);
			name = "Embed Frameworks";
			runOnlyForDeploymentPostprocessing = 0;
		};
/* End PBXCopyFilesBuildPhase section */

/* Begin PBXFileReference section */
		2003C43F2480232900279BBD /* TwilioVerifyError.swift */ = {isa = PBXFileReference; fileEncoding = 4; lastKnownFileType = sourcecode.swift; path = TwilioVerifyError.swift; sourceTree = "<group>"; };
		2019ABFC2486F712009728E4 /* URLSessionMock.swift */ = {isa = PBXFileReference; lastKnownFileType = sourcecode.swift; path = URLSessionMock.swift; sourceTree = "<group>"; };
		2019ABFE2486F74B009728E4 /* NetworkAdapterTests.swift */ = {isa = PBXFileReference; lastKnownFileType = sourcecode.swift; path = NetworkAdapterTests.swift; sourceTree = "<group>"; };
		2060CFFA248574AF001DD494 /* BasicAuthorizationTests.swift */ = {isa = PBXFileReference; lastKnownFileType = sourcecode.swift; path = BasicAuthorizationTests.swift; sourceTree = "<group>"; };
		2060CFFD24857614001DD494 /* HTTPHeadersTests.swift */ = {isa = PBXFileReference; lastKnownFileType = sourcecode.swift; path = HTTPHeadersTests.swift; sourceTree = "<group>"; };
		2060CFFF24857976001DD494 /* ParametersTests.swift */ = {isa = PBXFileReference; lastKnownFileType = sourcecode.swift; path = ParametersTests.swift; sourceTree = "<group>"; };
		2093571C24870A7F008FDBCC /* Factor.swift */ = {isa = PBXFileReference; lastKnownFileType = sourcecode.swift; path = Factor.swift; sourceTree = "<group>"; };
		2093572224870BBE008FDBCC /* FactorInput.swift */ = {isa = PBXFileReference; lastKnownFileType = sourcecode.swift; path = FactorInput.swift; sourceTree = "<group>"; };
		2093572624870CAF008FDBCC /* VerifyFactorInput.swift */ = {isa = PBXFileReference; lastKnownFileType = sourcecode.swift; path = VerifyFactorInput.swift; sourceTree = "<group>"; };
		2093572F24870DA7008FDBCC /* FactorPayload.swift */ = {isa = PBXFileReference; lastKnownFileType = sourcecode.swift; path = FactorPayload.swift; sourceTree = "<group>"; };
		2093573124871168008FDBCC /* PushFactor.swift */ = {isa = PBXFileReference; lastKnownFileType = sourcecode.swift; path = PushFactor.swift; sourceTree = "<group>"; };
		2093573724871378008FDBCC /* FactorChallenge.swift */ = {isa = PBXFileReference; lastKnownFileType = sourcecode.swift; path = FactorChallenge.swift; sourceTree = "<group>"; };
		2093573924871390008FDBCC /* Challenge.swift */ = {isa = PBXFileReference; lastKnownFileType = sourcecode.swift; path = Challenge.swift; sourceTree = "<group>"; };
		2093573B248717EF008FDBCC /* ChallengeList.swift */ = {isa = PBXFileReference; lastKnownFileType = sourcecode.swift; path = ChallengeList.swift; sourceTree = "<group>"; };
		2093573D24871827008FDBCC /* Metadata.swift */ = {isa = PBXFileReference; lastKnownFileType = sourcecode.swift; path = Metadata.swift; sourceTree = "<group>"; };
		2093573F2487185A008FDBCC /* ChallengeListInput.swift */ = {isa = PBXFileReference; lastKnownFileType = sourcecode.swift; path = ChallengeListInput.swift; sourceTree = "<group>"; };
		20935745248719A9008FDBCC /* UpdateChallengeInput.swift */ = {isa = PBXFileReference; lastKnownFileType = sourcecode.swift; path = UpdateChallengeInput.swift; sourceTree = "<group>"; };
		20935747248719D5008FDBCC /* UpdateFactorInput.swift */ = {isa = PBXFileReference; lastKnownFileType = sourcecode.swift; path = UpdateFactorInput.swift; sourceTree = "<group>"; };
		20A92FC7248197CB00A9E8E7 /* URLRequestBuilder.swift */ = {isa = PBXFileReference; lastKnownFileType = sourcecode.swift; path = URLRequestBuilder.swift; sourceTree = "<group>"; };
		20A92FC9248197F600A9E8E7 /* HTTPMethod.swift */ = {isa = PBXFileReference; lastKnownFileType = sourcecode.swift; path = HTTPMethod.swift; sourceTree = "<group>"; };
		20A92FCB24819B0900A9E8E7 /* RequestHelper.swift */ = {isa = PBXFileReference; lastKnownFileType = sourcecode.swift; path = RequestHelper.swift; sourceTree = "<group>"; };
		20A92FCD24819E2600A9E8E7 /* MediaType.swift */ = {isa = PBXFileReference; lastKnownFileType = sourcecode.swift; path = MediaType.swift; sourceTree = "<group>"; };
		20A92FCF2481B98A00A9E8E7 /* BasicAuthorization.swift */ = {isa = PBXFileReference; lastKnownFileType = sourcecode.swift; path = BasicAuthorization.swift; sourceTree = "<group>"; };
		20A92FD12481BEF400A9E8E7 /* NetworkError.swift */ = {isa = PBXFileReference; lastKnownFileType = sourcecode.swift; path = NetworkError.swift; sourceTree = "<group>"; };
		20A92FD32481C9E000A9E8E7 /* HTTPHeaders.swift */ = {isa = PBXFileReference; lastKnownFileType = sourcecode.swift; path = HTTPHeaders.swift; sourceTree = "<group>"; };
		20A92FD52481CF6200A9E8E7 /* Parameters.swift */ = {isa = PBXFileReference; lastKnownFileType = sourcecode.swift; path = Parameters.swift; sourceTree = "<group>"; };
		20B8A3EC24855841003F69EB /* URLRequestBuilderTests.swift */ = {isa = PBXFileReference; lastKnownFileType = sourcecode.swift; path = URLRequestBuilderTests.swift; sourceTree = "<group>"; };
		20B8A3EE248559F2003F69EB /* RequestHelperTests.swift */ = {isa = PBXFileReference; lastKnownFileType = sourcecode.swift; path = RequestHelperTests.swift; sourceTree = "<group>"; };
		20C0B19A2486DB640041E67F /* NetworkProvider.swift */ = {isa = PBXFileReference; lastKnownFileType = sourcecode.swift; path = NetworkProvider.swift; sourceTree = "<group>"; };
		20C0B19E2486DDED0041E67F /* URLSession+Extensions.swift */ = {isa = PBXFileReference; lastKnownFileType = sourcecode.swift; path = "URLSession+Extensions.swift"; sourceTree = "<group>"; };
		20DCEA8F2486F1EA0017947B /* Response.swift */ = {isa = PBXFileReference; lastKnownFileType = sourcecode.swift; path = Response.swift; sourceTree = "<group>"; };
		F20CB4202476DE7A0061A2D8 /* KeyManager.swift */ = {isa = PBXFileReference; lastKnownFileType = sourcecode.swift; path = KeyManager.swift; sourceTree = "<group>"; };
		F20CB4252476DF570061A2D8 /* Keychain.swift */ = {isa = PBXFileReference; lastKnownFileType = sourcecode.swift; path = Keychain.swift; sourceTree = "<group>"; };
		F20CB42B2476E4400061A2D8 /* ECP256SignerTemplateTests.swift */ = {isa = PBXFileReference; lastKnownFileType = sourcecode.swift; path = ECP256SignerTemplateTests.swift; sourceTree = "<group>"; };
		F20CB42F2476E5580061A2D8 /* KeychainMock.swift */ = {isa = PBXFileReference; lastKnownFileType = sourcecode.swift; path = KeychainMock.swift; sourceTree = "<group>"; };
		F20CB4312476E6380061A2D8 /* KeyManagerMock.swift */ = {isa = PBXFileReference; lastKnownFileType = sourcecode.swift; path = KeyManagerMock.swift; sourceTree = "<group>"; };
		F20CB4462477299E0061A2D8 /* ECSigner.swift */ = {isa = PBXFileReference; lastKnownFileType = sourcecode.swift; path = ECSigner.swift; sourceTree = "<group>"; };
		F20CB44B24773C180061A2D8 /* ECSignerTests.swift */ = {isa = PBXFileReference; lastKnownFileType = sourcecode.swift; path = ECSignerTests.swift; sourceTree = "<group>"; };
		F20CB44E2477413E0061A2D8 /* KeyPairFactory.swift */ = {isa = PBXFileReference; lastKnownFileType = sourcecode.swift; path = KeyPairFactory.swift; sourceTree = "<group>"; };
		F20CB451247749A60061A2D8 /* TestError.swift */ = {isa = PBXFileReference; lastKnownFileType = sourcecode.swift; path = TestError.swift; sourceTree = "<group>"; };
		F2358B3D2480285200C2D1AB /* KeychainTests.swift */ = {isa = PBXFileReference; lastKnownFileType = sourcecode.swift; path = KeychainTests.swift; sourceTree = "<group>"; };
		F27F7A3724858DCB001F2869 /* KeychainQuery.swift */ = {isa = PBXFileReference; lastKnownFileType = sourcecode.swift; path = KeychainQuery.swift; sourceTree = "<group>"; };
		F27F7A3B2485972E001F2869 /* KeyManagerTests.swift */ = {isa = PBXFileReference; lastKnownFileType = sourcecode.swift; path = KeyManagerTests.swift; sourceTree = "<group>"; };
		F27F7A3D2485973E001F2869 /* KeychainQueryTests.swift */ = {isa = PBXFileReference; lastKnownFileType = sourcecode.swift; path = KeychainQueryTests.swift; sourceTree = "<group>"; };
		F27F7A3F2485AF96001F2869 /* KeyPair.swift */ = {isa = PBXFileReference; lastKnownFileType = sourcecode.swift; path = KeyPair.swift; sourceTree = "<group>"; };
		F2AA3778246F30BE00B9388F /* TwilioVerify.framework */ = {isa = PBXFileReference; explicitFileType = wrapper.framework; includeInIndex = 0; path = TwilioVerify.framework; sourceTree = BUILT_PRODUCTS_DIR; };
		F2AA377B246F30BE00B9388F /* TwilioVerify.h */ = {isa = PBXFileReference; lastKnownFileType = sourcecode.c.h; path = TwilioVerify.h; sourceTree = "<group>"; };
		F2AA377C246F30BE00B9388F /* Info.plist */ = {isa = PBXFileReference; lastKnownFileType = text.plist.xml; path = Info.plist; sourceTree = "<group>"; };
		F2AA3781246F30BF00B9388F /* TwilioVerifyTests.xctest */ = {isa = PBXFileReference; explicitFileType = wrapper.cfbundle; includeInIndex = 0; path = TwilioVerifyTests.xctest; sourceTree = BUILT_PRODUCTS_DIR; };
		F2AA3786246F30BF00B9388F /* TwilioVerifyTests.swift */ = {isa = PBXFileReference; lastKnownFileType = sourcecode.swift; path = TwilioVerifyTests.swift; sourceTree = "<group>"; };
		F2AA3788246F30BF00B9388F /* Info.plist */ = {isa = PBXFileReference; lastKnownFileType = text.plist.xml; path = Info.plist; sourceTree = "<group>"; };
		F2AA3797246F313500B9388F /* TwilioSecurity.framework */ = {isa = PBXFileReference; explicitFileType = wrapper.framework; includeInIndex = 0; path = TwilioSecurity.framework; sourceTree = BUILT_PRODUCTS_DIR; };
		F2AA3799246F313500B9388F /* TwilioSecurity.h */ = {isa = PBXFileReference; lastKnownFileType = sourcecode.c.h; path = TwilioSecurity.h; sourceTree = "<group>"; };
		F2AA379A246F313500B9388F /* Info.plist */ = {isa = PBXFileReference; lastKnownFileType = text.plist.xml; path = Info.plist; sourceTree = "<group>"; };
		F2AA379F246F313500B9388F /* TwilioSecurityTests.xctest */ = {isa = PBXFileReference; explicitFileType = wrapper.cfbundle; includeInIndex = 0; path = TwilioSecurityTests.xctest; sourceTree = BUILT_PRODUCTS_DIR; };
		F2AA37A6246F313500B9388F /* Info.plist */ = {isa = PBXFileReference; lastKnownFileType = text.plist.xml; path = Info.plist; sourceTree = "<group>"; };
		F2DF31712473013A00CF4DC3 /* Template.swift */ = {isa = PBXFileReference; lastKnownFileType = sourcecode.swift; path = Template.swift; sourceTree = "<group>"; };
		F2DF31732473024300CF4DC3 /* ECP256SignerTemplate.swift */ = {isa = PBXFileReference; lastKnownFileType = sourcecode.swift; path = ECP256SignerTemplate.swift; sourceTree = "<group>"; };
		F2F62F9D248846D800E330E4 /* HostApp.app */ = {isa = PBXFileReference; explicitFileType = wrapper.application; includeInIndex = 0; path = HostApp.app; sourceTree = BUILT_PRODUCTS_DIR; };
		F2F62F9F248846D800E330E4 /* AppDelegate.swift */ = {isa = PBXFileReference; lastKnownFileType = sourcecode.swift; path = AppDelegate.swift; sourceTree = "<group>"; };
		F2F62FA1248846D800E330E4 /* SceneDelegate.swift */ = {isa = PBXFileReference; lastKnownFileType = sourcecode.swift; path = SceneDelegate.swift; sourceTree = "<group>"; };
		F2F62FA3248846D800E330E4 /* ViewController.swift */ = {isa = PBXFileReference; lastKnownFileType = sourcecode.swift; path = ViewController.swift; sourceTree = "<group>"; };
		F2F62FA6248846D800E330E4 /* Base */ = {isa = PBXFileReference; lastKnownFileType = file.storyboard; name = Base; path = Base.lproj/Main.storyboard; sourceTree = "<group>"; };
		F2F62FA8248846DC00E330E4 /* Assets.xcassets */ = {isa = PBXFileReference; lastKnownFileType = folder.assetcatalog; path = Assets.xcassets; sourceTree = "<group>"; };
		F2F62FAB248846DC00E330E4 /* Base */ = {isa = PBXFileReference; lastKnownFileType = file.storyboard; name = Base; path = Base.lproj/LaunchScreen.storyboard; sourceTree = "<group>"; };
		F2F62FAD248846DC00E330E4 /* Info.plist */ = {isa = PBXFileReference; lastKnownFileType = text.plist.xml; path = Info.plist; sourceTree = "<group>"; };
/* End PBXFileReference section */

/* Begin PBXFrameworksBuildPhase section */
		F2AA3775246F30BE00B9388F /* Frameworks */ = {
			isa = PBXFrameworksBuildPhase;
			buildActionMask = 2147483647;
			files = (
				F2AA37AF246F314000B9388F /* TwilioSecurity.framework in Frameworks */,
			);
			runOnlyForDeploymentPostprocessing = 0;
		};
		F2AA377E246F30BF00B9388F /* Frameworks */ = {
			isa = PBXFrameworksBuildPhase;
			buildActionMask = 2147483647;
			files = (
				F2AA3782246F30BF00B9388F /* TwilioVerify.framework in Frameworks */,
			);
			runOnlyForDeploymentPostprocessing = 0;
		};
		F2AA3794246F313500B9388F /* Frameworks */ = {
			isa = PBXFrameworksBuildPhase;
			buildActionMask = 2147483647;
			files = (
			);
			runOnlyForDeploymentPostprocessing = 0;
		};
		F2AA379C246F313500B9388F /* Frameworks */ = {
			isa = PBXFrameworksBuildPhase;
			buildActionMask = 2147483647;
			files = (
				F2AA37A0246F313500B9388F /* TwilioSecurity.framework in Frameworks */,
			);
			runOnlyForDeploymentPostprocessing = 0;
		};
		F2F62F9A248846D800E330E4 /* Frameworks */ = {
			isa = PBXFrameworksBuildPhase;
			buildActionMask = 2147483647;
			files = (
			);
			runOnlyForDeploymentPostprocessing = 0;
		};
/* End PBXFrameworksBuildPhase section */

/* Begin PBXGroup section */
		2019ABFB2486F6FD009728E4 /* Mocks */ = {
			isa = PBXGroup;
			children = (
				2019ABFC2486F712009728E4 /* URLSessionMock.swift */,
			);
			path = Mocks;
			sourceTree = "<group>";
		};
		2060CFFC248574B4001DD494 /* Networking */ = {
			isa = PBXGroup;
			children = (
				2019ABFB2486F6FD009728E4 /* Mocks */,
				20B8A3EC24855841003F69EB /* URLRequestBuilderTests.swift */,
				20B8A3EE248559F2003F69EB /* RequestHelperTests.swift */,
				2060CFFA248574AF001DD494 /* BasicAuthorizationTests.swift */,
				2060CFFD24857614001DD494 /* HTTPHeadersTests.swift */,
				2060CFFF24857976001DD494 /* ParametersTests.swift */,
				2019ABFE2486F74B009728E4 /* NetworkAdapterTests.swift */,
			);
			path = Networking;
			sourceTree = "<group>";
		};
		2093571B24870A73008FDBCC /* Models */ = {
			isa = PBXGroup;
			children = (
				2093571C24870A7F008FDBCC /* Factor.swift */,
				2093572224870BBE008FDBCC /* FactorInput.swift */,
				2093572624870CAF008FDBCC /* VerifyFactorInput.swift */,
				2093573924871390008FDBCC /* Challenge.swift */,
				2093573B248717EF008FDBCC /* ChallengeList.swift */,
				2093573D24871827008FDBCC /* Metadata.swift */,
				2093573F2487185A008FDBCC /* ChallengeListInput.swift */,
				20935745248719A9008FDBCC /* UpdateChallengeInput.swift */,
				20935747248719D5008FDBCC /* UpdateFactorInput.swift */,
			);
			path = Models;
			sourceTree = "<group>";
		};
		2093572A24870D48008FDBCC /* Domain */ = {
			isa = PBXGroup;
			children = (
				2093573524871363008FDBCC /* Challenge */,
				2093572B24870D4E008FDBCC /* Factor */,
			);
			path = Domain;
			sourceTree = "<group>";
		};
		2093572B24870D4E008FDBCC /* Factor */ = {
			isa = PBXGroup;
			children = (
				2093572C24870D5E008FDBCC /* Models */,
			);
			path = Factor;
			sourceTree = "<group>";
		};
		2093572C24870D5E008FDBCC /* Models */ = {
			isa = PBXGroup;
			children = (
				2093572F24870DA7008FDBCC /* FactorPayload.swift */,
				2093573124871168008FDBCC /* PushFactor.swift */,
			);
			path = Models;
			sourceTree = "<group>";
		};
		2093573524871363008FDBCC /* Challenge */ = {
			isa = PBXGroup;
			children = (
				209357362487136B008FDBCC /* Models */,
			);
			path = Challenge;
			sourceTree = "<group>";
		};
		209357362487136B008FDBCC /* Models */ = {
			isa = PBXGroup;
			children = (
				2093573724871378008FDBCC /* FactorChallenge.swift */,
			);
			path = Models;
			sourceTree = "<group>";
		};
		20A92FC6248197B500A9E8E7 /* Networking */ = {
			isa = PBXGroup;
			children = (
				20DCEA912486F3DA0017947B /* Error */,
				20C0B1A12486E79D0041E67F /* Models */,
				20A92FC7248197CB00A9E8E7 /* URLRequestBuilder.swift */,
				20A92FC9248197F600A9E8E7 /* HTTPMethod.swift */,
				20A92FCB24819B0900A9E8E7 /* RequestHelper.swift */,
				20A92FCD24819E2600A9E8E7 /* MediaType.swift */,
				20A92FCF2481B98A00A9E8E7 /* BasicAuthorization.swift */,
				20A92FD32481C9E000A9E8E7 /* HTTPHeaders.swift */,
				20A92FD52481CF6200A9E8E7 /* Parameters.swift */,
				20C0B19A2486DB640041E67F /* NetworkProvider.swift */,
			);
			path = Networking;
			sourceTree = "<group>";
		};
		20B8A3EB2485581D003F69EB /* Sources */ = {
			isa = PBXGroup;
			children = (
				2060CFFC248574B4001DD494 /* Networking */,
			);
			path = Sources;
			sourceTree = "<group>";
		};
		20C0B1A02486E7900041E67F /* Extensions */ = {
			isa = PBXGroup;
			children = (
				20C0B19E2486DDED0041E67F /* URLSession+Extensions.swift */,
			);
			path = Extensions;
			sourceTree = "<group>";
		};
		20C0B1A12486E79D0041E67F /* Models */ = {
			isa = PBXGroup;
			children = (
				20DCEA8F2486F1EA0017947B /* Response.swift */,
			);
			path = Models;
			sourceTree = "<group>";
		};
		20DCEA912486F3DA0017947B /* Error */ = {
			isa = PBXGroup;
			children = (
				20A92FD12481BEF400A9E8E7 /* NetworkError.swift */,
			);
			path = Error;
			sourceTree = "<group>";
		};
		F20CB41F2476DE200061A2D8 /* Keychain */ = {
			isa = PBXGroup;
			children = (
				F20CB4202476DE7A0061A2D8 /* KeyManager.swift */,
				F20CB4252476DF570061A2D8 /* Keychain.swift */,
				F27F7A3724858DCB001F2869 /* KeychainQuery.swift */,
			);
			path = Keychain;
			sourceTree = "<group>";
		};
		F20CB4272476E3900061A2D8 /* Sources */ = {
			isa = PBXGroup;
			children = (
				F20CB4292476E3D20061A2D8 /* Key */,
				F20CB4282476E39C0061A2D8 /* Keychain */,
			);
			path = Sources;
			sourceTree = "<group>";
		};
		F20CB4282476E39C0061A2D8 /* Keychain */ = {
			isa = PBXGroup;
			children = (
				F20CB42E2476E54C0061A2D8 /* Mocks */,
				F2358B3D2480285200C2D1AB /* KeychainTests.swift */,
				F27F7A3B2485972E001F2869 /* KeyManagerTests.swift */,
				F27F7A3D2485973E001F2869 /* KeychainQueryTests.swift */,
			);
			path = Keychain;
			sourceTree = "<group>";
		};
		F20CB4292476E3D20061A2D8 /* Key */ = {
			isa = PBXGroup;
			children = (
				F20CB444247729190061A2D8 /* Signer */,
				F20CB42A2476E3D70061A2D8 /* Template */,
			);
			path = Key;
			sourceTree = "<group>";
		};
		F20CB42A2476E3D70061A2D8 /* Template */ = {
			isa = PBXGroup;
			children = (
				F20CB42B2476E4400061A2D8 /* ECP256SignerTemplateTests.swift */,
			);
			path = Template;
			sourceTree = "<group>";
		};
		F20CB42E2476E54C0061A2D8 /* Mocks */ = {
			isa = PBXGroup;
			children = (
				F20CB42F2476E5580061A2D8 /* KeychainMock.swift */,
				F20CB4312476E6380061A2D8 /* KeyManagerMock.swift */,
			);
			path = Mocks;
			sourceTree = "<group>";
		};
		F20CB444247729190061A2D8 /* Signer */ = {
			isa = PBXGroup;
			children = (
				F20CB44B24773C180061A2D8 /* ECSignerTests.swift */,
			);
			path = Signer;
			sourceTree = "<group>";
		};
		F20CB4452477296B0061A2D8 /* Signer */ = {
			isa = PBXGroup;
			children = (
				F20CB4462477299E0061A2D8 /* ECSigner.swift */,
			);
			path = Signer;
			sourceTree = "<group>";
		};
		F20CB44D247741140061A2D8 /* KeyPair */ = {
			isa = PBXGroup;
			children = (
				F20CB44E2477413E0061A2D8 /* KeyPairFactory.swift */,
			);
			path = KeyPair;
			sourceTree = "<group>";
		};
		F20CB450247749900061A2D8 /* Error */ = {
			isa = PBXGroup;
			children = (
				F20CB451247749A60061A2D8 /* TestError.swift */,
			);
			path = Error;
			sourceTree = "<group>";
		};
		F25CF4582473008000BE4DB1 /* Key */ = {
			isa = PBXGroup;
			children = (
				F20CB4452477296B0061A2D8 /* Signer */,
				F2DF31702473012900CF4DC3 /* Template */,
				F27F7A3F2485AF96001F2869 /* KeyPair.swift */,
			);
			path = Key;
			sourceTree = "<group>";
		};
		F2AA376E246F30BE00B9388F = {
			isa = PBXGroup;
			children = (
				F2AA377A246F30BE00B9388F /* TwilioVerify */,
				F2AA3785246F30BF00B9388F /* TwilioVerifyTests */,
				F2AA3798246F313500B9388F /* TwilioSecurity */,
				F2AA37A3246F313500B9388F /* TwilioSecurityTests */,
				F2F62F9E248846D800E330E4 /* HostApp */,
				F2AA3779246F30BE00B9388F /* Products */,
				F2AA37AE246F314000B9388F /* Frameworks */,
			);
			sourceTree = "<group>";
		};
		F2AA3779246F30BE00B9388F /* Products */ = {
			isa = PBXGroup;
			children = (
				F2AA3778246F30BE00B9388F /* TwilioVerify.framework */,
				F2AA3781246F30BF00B9388F /* TwilioVerifyTests.xctest */,
				F2AA3797246F313500B9388F /* TwilioSecurity.framework */,
				F2AA379F246F313500B9388F /* TwilioSecurityTests.xctest */,
				F2F62F9D248846D800E330E4 /* HostApp.app */,
			);
			name = Products;
			sourceTree = "<group>";
		};
		F2AA377A246F30BE00B9388F /* TwilioVerify */ = {
			isa = PBXGroup;
			children = (
				F2AA37EA246F3CD500B9388F /* Sources */,
				F2AA377B246F30BE00B9388F /* TwilioVerify.h */,
				F2AA377C246F30BE00B9388F /* Info.plist */,
			);
			path = TwilioVerify;
			sourceTree = "<group>";
		};
		F2AA3785246F30BF00B9388F /* TwilioVerifyTests */ = {
			isa = PBXGroup;
			children = (
				20B8A3EB2485581D003F69EB /* Sources */,
				F2AA3786246F30BF00B9388F /* TwilioVerifyTests.swift */,
				F2AA3788246F30BF00B9388F /* Info.plist */,
			);
			path = TwilioVerifyTests;
			sourceTree = "<group>";
		};
		F2AA3798246F313500B9388F /* TwilioSecurity */ = {
			isa = PBXGroup;
			children = (
				F2AA37ED246F3CF000B9388F /* Sources */,
				F2AA3799246F313500B9388F /* TwilioSecurity.h */,
				F2AA379A246F313500B9388F /* Info.plist */,
			);
			path = TwilioSecurity;
			sourceTree = "<group>";
		};
		F2AA37A3246F313500B9388F /* TwilioSecurityTests */ = {
			isa = PBXGroup;
			children = (
				F20CB450247749900061A2D8 /* Error */,
				F20CB44D247741140061A2D8 /* KeyPair */,
				F20CB4272476E3900061A2D8 /* Sources */,
				F2AA37A6246F313500B9388F /* Info.plist */,
			);
			path = TwilioSecurityTests;
			sourceTree = "<group>";
		};
		F2AA37AE246F314000B9388F /* Frameworks */ = {
			isa = PBXGroup;
			children = (
			);
			name = Frameworks;
			sourceTree = "<group>";
		};
		F2AA37EA246F3CD500B9388F /* Sources */ = {
			isa = PBXGroup;
			children = (
				20C0B1A02486E7900041E67F /* Extensions */,
				2093572A24870D48008FDBCC /* Domain */,
				2093571B24870A73008FDBCC /* Models */,
				20A92FC6248197B500A9E8E7 /* Networking */,
				2003C43F2480232900279BBD /* TwilioVerifyError.swift */,
			);
			path = Sources;
			sourceTree = "<group>";
		};
		F2AA37ED246F3CF000B9388F /* Sources */ = {
			isa = PBXGroup;
			children = (
				F20CB41F2476DE200061A2D8 /* Keychain */,
				F25CF4582473008000BE4DB1 /* Key */,
			);
			path = Sources;
			sourceTree = "<group>";
		};
		F2DF31702473012900CF4DC3 /* Template */ = {
			isa = PBXGroup;
			children = (
				F2DF31712473013A00CF4DC3 /* Template.swift */,
				F2DF31732473024300CF4DC3 /* ECP256SignerTemplate.swift */,
			);
			path = Template;
			sourceTree = "<group>";
		};
		F2F62F9E248846D800E330E4 /* HostApp */ = {
			isa = PBXGroup;
			children = (
				F2F62F9F248846D800E330E4 /* AppDelegate.swift */,
				F2F62FA1248846D800E330E4 /* SceneDelegate.swift */,
				F2F62FA3248846D800E330E4 /* ViewController.swift */,
				F2F62FA5248846D800E330E4 /* Main.storyboard */,
				F2F62FA8248846DC00E330E4 /* Assets.xcassets */,
				F2F62FAA248846DC00E330E4 /* LaunchScreen.storyboard */,
				F2F62FAD248846DC00E330E4 /* Info.plist */,
			);
			path = HostApp;
			sourceTree = "<group>";
		};
/* End PBXGroup section */

/* Begin PBXHeadersBuildPhase section */
		F2AA3773246F30BE00B9388F /* Headers */ = {
			isa = PBXHeadersBuildPhase;
			buildActionMask = 2147483647;
			files = (
				F2AA3789246F30BF00B9388F /* TwilioVerify.h in Headers */,
			);
			runOnlyForDeploymentPostprocessing = 0;
		};
		F2AA3792246F313500B9388F /* Headers */ = {
			isa = PBXHeadersBuildPhase;
			buildActionMask = 2147483647;
			files = (
				F2AA37A7246F313500B9388F /* TwilioSecurity.h in Headers */,
			);
			runOnlyForDeploymentPostprocessing = 0;
		};
/* End PBXHeadersBuildPhase section */

/* Begin PBXNativeTarget section */
		F2AA3777246F30BE00B9388F /* TwilioVerify */ = {
			isa = PBXNativeTarget;
			buildConfigurationList = F2AA378C246F30BF00B9388F /* Build configuration list for PBXNativeTarget "TwilioVerify" */;
			buildPhases = (
				F2AA3773246F30BE00B9388F /* Headers */,
				F2AA3774246F30BE00B9388F /* Sources */,
				F2AA3775246F30BE00B9388F /* Frameworks */,
				F2AA3776246F30BE00B9388F /* Resources */,
				F2AA37B3246F314000B9388F /* Embed Frameworks */,
			);
			buildRules = (
			);
			dependencies = (
				F2AA37B2246F314000B9388F /* PBXTargetDependency */,
			);
			name = TwilioVerify;
			productName = TwilioVerify;
			productReference = F2AA3778246F30BE00B9388F /* TwilioVerify.framework */;
			productType = "com.apple.product-type.framework";
		};
		F2AA3780246F30BF00B9388F /* TwilioVerifyTests */ = {
			isa = PBXNativeTarget;
			buildConfigurationList = F2AA378F246F30BF00B9388F /* Build configuration list for PBXNativeTarget "TwilioVerifyTests" */;
			buildPhases = (
				F2AA377D246F30BF00B9388F /* Sources */,
				F2AA377E246F30BF00B9388F /* Frameworks */,
				F2AA377F246F30BF00B9388F /* Resources */,
			);
			buildRules = (
			);
			dependencies = (
				F2AA3784246F30BF00B9388F /* PBXTargetDependency */,
			);
			name = TwilioVerifyTests;
			productName = TwilioVerifyTests;
			productReference = F2AA3781246F30BF00B9388F /* TwilioVerifyTests.xctest */;
			productType = "com.apple.product-type.bundle.unit-test";
		};
		F2AA3796246F313500B9388F /* TwilioSecurity */ = {
			isa = PBXNativeTarget;
			buildConfigurationList = F2AA37AC246F313500B9388F /* Build configuration list for PBXNativeTarget "TwilioSecurity" */;
			buildPhases = (
				F2AA3792246F313500B9388F /* Headers */,
				F2AA3793246F313500B9388F /* Sources */,
				F2AA3794246F313500B9388F /* Frameworks */,
				F2AA3795246F313500B9388F /* Resources */,
			);
			buildRules = (
			);
			dependencies = (
			);
			name = TwilioSecurity;
			productName = Security;
			productReference = F2AA3797246F313500B9388F /* TwilioSecurity.framework */;
			productType = "com.apple.product-type.framework";
		};
		F2AA379E246F313500B9388F /* TwilioSecurityTests */ = {
			isa = PBXNativeTarget;
			buildConfigurationList = F2AA37AD246F313500B9388F /* Build configuration list for PBXNativeTarget "TwilioSecurityTests" */;
			buildPhases = (
				F2AA379B246F313500B9388F /* Sources */,
				F2AA379C246F313500B9388F /* Frameworks */,
				F2AA379D246F313500B9388F /* Resources */,
			);
			buildRules = (
			);
			dependencies = (
				F2AA37A2246F313500B9388F /* PBXTargetDependency */,
				F2F62FB224884BFE00E330E4 /* PBXTargetDependency */,
			);
			name = TwilioSecurityTests;
			productName = SecurityTests;
			productReference = F2AA379F246F313500B9388F /* TwilioSecurityTests.xctest */;
			productType = "com.apple.product-type.bundle.unit-test";
		};
		F2F62F9C248846D800E330E4 /* HostApp */ = {
			isa = PBXNativeTarget;
			buildConfigurationList = F2F62FAE248846DC00E330E4 /* Build configuration list for PBXNativeTarget "HostApp" */;
			buildPhases = (
				F2F62F99248846D800E330E4 /* Sources */,
				F2F62F9A248846D800E330E4 /* Frameworks */,
				F2F62F9B248846D800E330E4 /* Resources */,
			);
			buildRules = (
			);
			dependencies = (
			);
			name = HostApp;
			productName = HostApp;
			productReference = F2F62F9D248846D800E330E4 /* HostApp.app */;
			productType = "com.apple.product-type.application";
		};
/* End PBXNativeTarget section */

/* Begin PBXProject section */
		F2AA376F246F30BE00B9388F /* Project object */ = {
			isa = PBXProject;
			attributes = {
				LastSwiftUpdateCheck = 1150;
				LastUpgradeCheck = 1140;
				ORGANIZATIONNAME = Twilio;
				TargetAttributes = {
					F2AA3777246F30BE00B9388F = {
						CreatedOnToolsVersion = 11.4.1;
						LastSwiftMigration = 1150;
					};
					F2AA3780246F30BF00B9388F = {
						CreatedOnToolsVersion = 11.4.1;
					};
					F2AA3796246F313500B9388F = {
						CreatedOnToolsVersion = 11.4.1;
						LastSwiftMigration = 1140;
					};
					F2AA379E246F313500B9388F = {
						CreatedOnToolsVersion = 11.4.1;
						LastSwiftMigration = 1140;
						TestTargetID = F2F62F9C248846D800E330E4;
					};
					F2F62F9C248846D800E330E4 = {
						CreatedOnToolsVersion = 11.5;
					};
				};
			};
			buildConfigurationList = F2AA3772246F30BE00B9388F /* Build configuration list for PBXProject "TwilioVerify" */;
			compatibilityVersion = "Xcode 9.3";
			developmentRegion = en;
			hasScannedForEncodings = 0;
			knownRegions = (
				en,
				Base,
			);
			mainGroup = F2AA376E246F30BE00B9388F;
			productRefGroup = F2AA3779246F30BE00B9388F /* Products */;
			projectDirPath = "";
			projectRoot = "";
			targets = (
				F2AA3777246F30BE00B9388F /* TwilioVerify */,
				F2AA3780246F30BF00B9388F /* TwilioVerifyTests */,
				F2AA3796246F313500B9388F /* TwilioSecurity */,
				F2AA379E246F313500B9388F /* TwilioSecurityTests */,
				F2F62F9C248846D800E330E4 /* HostApp */,
			);
		};
/* End PBXProject section */

/* Begin PBXResourcesBuildPhase section */
		F2AA3776246F30BE00B9388F /* Resources */ = {
			isa = PBXResourcesBuildPhase;
			buildActionMask = 2147483647;
			files = (
			);
			runOnlyForDeploymentPostprocessing = 0;
		};
		F2AA377F246F30BF00B9388F /* Resources */ = {
			isa = PBXResourcesBuildPhase;
			buildActionMask = 2147483647;
			files = (
			);
			runOnlyForDeploymentPostprocessing = 0;
		};
		F2AA3795246F313500B9388F /* Resources */ = {
			isa = PBXResourcesBuildPhase;
			buildActionMask = 2147483647;
			files = (
			);
			runOnlyForDeploymentPostprocessing = 0;
		};
		F2AA379D246F313500B9388F /* Resources */ = {
			isa = PBXResourcesBuildPhase;
			buildActionMask = 2147483647;
			files = (
			);
			runOnlyForDeploymentPostprocessing = 0;
		};
		F2F62F9B248846D800E330E4 /* Resources */ = {
			isa = PBXResourcesBuildPhase;
			buildActionMask = 2147483647;
			files = (
				F2F62FAC248846DC00E330E4 /* LaunchScreen.storyboard in Resources */,
				F2F62FA9248846DC00E330E4 /* Assets.xcassets in Resources */,
				F2F62FA7248846D800E330E4 /* Main.storyboard in Resources */,
			);
			runOnlyForDeploymentPostprocessing = 0;
		};
/* End PBXResourcesBuildPhase section */

/* Begin PBXSourcesBuildPhase section */
		F2AA3774246F30BE00B9388F /* Sources */ = {
			isa = PBXSourcesBuildPhase;
			buildActionMask = 2147483647;
			files = (
				2093572724870CAF008FDBCC /* VerifyFactorInput.swift in Sources */,
				2093573824871378008FDBCC /* FactorChallenge.swift in Sources */,
				20A92FCE24819E2600A9E8E7 /* MediaType.swift in Sources */,
				20A92FD22481BEF400A9E8E7 /* NetworkError.swift in Sources */,
				2003C4402480232900279BBD /* TwilioVerifyError.swift in Sources */,
				20935748248719D5008FDBCC /* UpdateFactorInput.swift in Sources */,
				20A92FCA248197F600A9E8E7 /* HTTPMethod.swift in Sources */,
				20C0B19F2486DDED0041E67F /* URLSession+Extensions.swift in Sources */,
				2093572324870BBE008FDBCC /* FactorInput.swift in Sources */,
				209357402487185A008FDBCC /* ChallengeListInput.swift in Sources */,
				20935746248719A9008FDBCC /* UpdateChallengeInput.swift in Sources */,
				2093571D24870A7F008FDBCC /* Factor.swift in Sources */,
				20A92FD42481C9E000A9E8E7 /* HTTPHeaders.swift in Sources */,
				20DCEA902486F1EA0017947B /* Response.swift in Sources */,
				2093573A24871390008FDBCC /* Challenge.swift in Sources */,
				20A92FC8248197CB00A9E8E7 /* URLRequestBuilder.swift in Sources */,
				2093573224871168008FDBCC /* PushFactor.swift in Sources */,
				20A92FD02481B98A00A9E8E7 /* BasicAuthorization.swift in Sources */,
				2093573E24871827008FDBCC /* Metadata.swift in Sources */,
				2093573024870DA7008FDBCC /* FactorPayload.swift in Sources */,
				2093573C248717EF008FDBCC /* ChallengeList.swift in Sources */,
				20A92FCC24819B0900A9E8E7 /* RequestHelper.swift in Sources */,
				20A92FD62481CF6200A9E8E7 /* Parameters.swift in Sources */,
				20C0B19B2486DB640041E67F /* NetworkProvider.swift in Sources */,
			);
			runOnlyForDeploymentPostprocessing = 0;
		};
		F2AA377D246F30BF00B9388F /* Sources */ = {
			isa = PBXSourcesBuildPhase;
			buildActionMask = 2147483647;
			files = (
				2019ABFD2486F712009728E4 /* URLSessionMock.swift in Sources */,
				F2AA3787246F30BF00B9388F /* TwilioVerifyTests.swift in Sources */,
				2019ABFF2486F74B009728E4 /* NetworkAdapterTests.swift in Sources */,
				20B8A3ED24855841003F69EB /* URLRequestBuilderTests.swift in Sources */,
				2060CFFB248574AF001DD494 /* BasicAuthorizationTests.swift in Sources */,
				2060CFFE24857614001DD494 /* HTTPHeadersTests.swift in Sources */,
				20B8A3EF248559F2003F69EB /* RequestHelperTests.swift in Sources */,
				2060D00024857976001DD494 /* ParametersTests.swift in Sources */,
			);
			runOnlyForDeploymentPostprocessing = 0;
		};
		F2AA3793246F313500B9388F /* Sources */ = {
			isa = PBXSourcesBuildPhase;
			buildActionMask = 2147483647;
			files = (
				F27F7A3824858DCB001F2869 /* KeychainQuery.swift in Sources */,
				F2DF31742473024300CF4DC3 /* ECP256SignerTemplate.swift in Sources */,
				F27F7A402485AF96001F2869 /* KeyPair.swift in Sources */,
				F2DF31722473013A00CF4DC3 /* Template.swift in Sources */,
				F20CB4212476DE7A0061A2D8 /* KeyManager.swift in Sources */,
				F20CB4262476DF570061A2D8 /* Keychain.swift in Sources */,
				F20CB4472477299E0061A2D8 /* ECSigner.swift in Sources */,
			);
			runOnlyForDeploymentPostprocessing = 0;
		};
		F2AA379B246F313500B9388F /* Sources */ = {
			isa = PBXSourcesBuildPhase;
			buildActionMask = 2147483647;
			files = (
				F20CB42C2476E4400061A2D8 /* ECP256SignerTemplateTests.swift in Sources */,
				F20CB44C24773C180061A2D8 /* ECSignerTests.swift in Sources */,
				F27F7A3E2485973E001F2869 /* KeychainQueryTests.swift in Sources */,
				F20CB4302476E5580061A2D8 /* KeychainMock.swift in Sources */,
				F20CB4322476E6380061A2D8 /* KeyManagerMock.swift in Sources */,
				F20CB44F2477413E0061A2D8 /* KeyPairFactory.swift in Sources */,
				F2358B3E2480285200C2D1AB /* KeychainTests.swift in Sources */,
				F20CB452247749A70061A2D8 /* TestError.swift in Sources */,
				F27F7A3C2485972E001F2869 /* KeyManagerTests.swift in Sources */,
			);
			runOnlyForDeploymentPostprocessing = 0;
		};
		F2F62F99248846D800E330E4 /* Sources */ = {
			isa = PBXSourcesBuildPhase;
			buildActionMask = 2147483647;
			files = (
				F2F62FA4248846D800E330E4 /* ViewController.swift in Sources */,
				F2F62FA0248846D800E330E4 /* AppDelegate.swift in Sources */,
				F2F62FA2248846D800E330E4 /* SceneDelegate.swift in Sources */,
			);
			runOnlyForDeploymentPostprocessing = 0;
		};
/* End PBXSourcesBuildPhase section */

/* Begin PBXTargetDependency section */
		F2AA3784246F30BF00B9388F /* PBXTargetDependency */ = {
			isa = PBXTargetDependency;
			target = F2AA3777246F30BE00B9388F /* TwilioVerify */;
			targetProxy = F2AA3783246F30BF00B9388F /* PBXContainerItemProxy */;
		};
		F2AA37A2246F313500B9388F /* PBXTargetDependency */ = {
			isa = PBXTargetDependency;
			target = F2AA3796246F313500B9388F /* TwilioSecurity */;
			targetProxy = F2AA37A1246F313500B9388F /* PBXContainerItemProxy */;
		};
		F2AA37B2246F314000B9388F /* PBXTargetDependency */ = {
			isa = PBXTargetDependency;
			target = F2AA3796246F313500B9388F /* TwilioSecurity */;
			targetProxy = F2AA37B1246F314000B9388F /* PBXContainerItemProxy */;
		};
		F2F62FB224884BFE00E330E4 /* PBXTargetDependency */ = {
			isa = PBXTargetDependency;
			target = F2F62F9C248846D800E330E4 /* HostApp */;
			targetProxy = F2F62FB124884BFE00E330E4 /* PBXContainerItemProxy */;
		};
/* End PBXTargetDependency section */

/* Begin PBXVariantGroup section */
		F2F62FA5248846D800E330E4 /* Main.storyboard */ = {
			isa = PBXVariantGroup;
			children = (
				F2F62FA6248846D800E330E4 /* Base */,
			);
			name = Main.storyboard;
			sourceTree = "<group>";
		};
		F2F62FAA248846DC00E330E4 /* LaunchScreen.storyboard */ = {
			isa = PBXVariantGroup;
			children = (
				F2F62FAB248846DC00E330E4 /* Base */,
			);
			name = LaunchScreen.storyboard;
			sourceTree = "<group>";
		};
/* End PBXVariantGroup section */

/* Begin XCBuildConfiguration section */
		F2AA378A246F30BF00B9388F /* Debug */ = {
			isa = XCBuildConfiguration;
			buildSettings = {
				ALWAYS_SEARCH_USER_PATHS = NO;
				CLANG_ANALYZER_NONNULL = YES;
				CLANG_ANALYZER_NUMBER_OBJECT_CONVERSION = YES_AGGRESSIVE;
				CLANG_CXX_LANGUAGE_STANDARD = "gnu++14";
				CLANG_CXX_LIBRARY = "libc++";
				CLANG_ENABLE_MODULES = YES;
				CLANG_ENABLE_OBJC_ARC = YES;
				CLANG_ENABLE_OBJC_WEAK = YES;
				CLANG_WARN_BLOCK_CAPTURE_AUTORELEASING = YES;
				CLANG_WARN_BOOL_CONVERSION = YES;
				CLANG_WARN_COMMA = YES;
				CLANG_WARN_CONSTANT_CONVERSION = YES;
				CLANG_WARN_DEPRECATED_OBJC_IMPLEMENTATIONS = YES;
				CLANG_WARN_DIRECT_OBJC_ISA_USAGE = YES_ERROR;
				CLANG_WARN_DOCUMENTATION_COMMENTS = YES;
				CLANG_WARN_EMPTY_BODY = YES;
				CLANG_WARN_ENUM_CONVERSION = YES;
				CLANG_WARN_INFINITE_RECURSION = YES;
				CLANG_WARN_INT_CONVERSION = YES;
				CLANG_WARN_NON_LITERAL_NULL_CONVERSION = YES;
				CLANG_WARN_OBJC_IMPLICIT_RETAIN_SELF = YES;
				CLANG_WARN_OBJC_LITERAL_CONVERSION = YES;
				CLANG_WARN_OBJC_ROOT_CLASS = YES_ERROR;
				CLANG_WARN_RANGE_LOOP_ANALYSIS = YES;
				CLANG_WARN_STRICT_PROTOTYPES = YES;
				CLANG_WARN_SUSPICIOUS_MOVE = YES;
				CLANG_WARN_UNGUARDED_AVAILABILITY = YES_AGGRESSIVE;
				CLANG_WARN_UNREACHABLE_CODE = YES;
				CLANG_WARN__DUPLICATE_METHOD_MATCH = YES;
				COPY_PHASE_STRIP = NO;
				DEBUG_INFORMATION_FORMAT = dwarf;
				ENABLE_STRICT_OBJC_MSGSEND = YES;
				ENABLE_TESTABILITY = YES;
				GCC_C_LANGUAGE_STANDARD = gnu11;
				GCC_DYNAMIC_NO_PIC = NO;
				GCC_NO_COMMON_BLOCKS = YES;
				GCC_OPTIMIZATION_LEVEL = 0;
				GCC_PREPROCESSOR_DEFINITIONS = (
					"DEBUG=1",
					"$(inherited)",
				);
				GCC_WARN_64_TO_32_BIT_CONVERSION = YES;
				GCC_WARN_ABOUT_RETURN_TYPE = YES_ERROR;
				GCC_WARN_UNDECLARED_SELECTOR = YES;
				GCC_WARN_UNINITIALIZED_AUTOS = YES_AGGRESSIVE;
				GCC_WARN_UNUSED_FUNCTION = YES;
				GCC_WARN_UNUSED_VARIABLE = YES;
				IPHONEOS_DEPLOYMENT_TARGET = 13.4;
				MTL_ENABLE_DEBUG_INFO = INCLUDE_SOURCE;
				MTL_FAST_MATH = YES;
				ONLY_ACTIVE_ARCH = YES;
				SDKROOT = iphoneos;
				SWIFT_ACTIVE_COMPILATION_CONDITIONS = DEBUG;
				SWIFT_OPTIMIZATION_LEVEL = "-Onone";
				VERSIONING_SYSTEM = "apple-generic";
				VERSION_INFO_PREFIX = "";
			};
			name = Debug;
		};
		F2AA378B246F30BF00B9388F /* Release */ = {
			isa = XCBuildConfiguration;
			buildSettings = {
				ALWAYS_SEARCH_USER_PATHS = NO;
				CLANG_ANALYZER_NONNULL = YES;
				CLANG_ANALYZER_NUMBER_OBJECT_CONVERSION = YES_AGGRESSIVE;
				CLANG_CXX_LANGUAGE_STANDARD = "gnu++14";
				CLANG_CXX_LIBRARY = "libc++";
				CLANG_ENABLE_MODULES = YES;
				CLANG_ENABLE_OBJC_ARC = YES;
				CLANG_ENABLE_OBJC_WEAK = YES;
				CLANG_WARN_BLOCK_CAPTURE_AUTORELEASING = YES;
				CLANG_WARN_BOOL_CONVERSION = YES;
				CLANG_WARN_COMMA = YES;
				CLANG_WARN_CONSTANT_CONVERSION = YES;
				CLANG_WARN_DEPRECATED_OBJC_IMPLEMENTATIONS = YES;
				CLANG_WARN_DIRECT_OBJC_ISA_USAGE = YES_ERROR;
				CLANG_WARN_DOCUMENTATION_COMMENTS = YES;
				CLANG_WARN_EMPTY_BODY = YES;
				CLANG_WARN_ENUM_CONVERSION = YES;
				CLANG_WARN_INFINITE_RECURSION = YES;
				CLANG_WARN_INT_CONVERSION = YES;
				CLANG_WARN_NON_LITERAL_NULL_CONVERSION = YES;
				CLANG_WARN_OBJC_IMPLICIT_RETAIN_SELF = YES;
				CLANG_WARN_OBJC_LITERAL_CONVERSION = YES;
				CLANG_WARN_OBJC_ROOT_CLASS = YES_ERROR;
				CLANG_WARN_RANGE_LOOP_ANALYSIS = YES;
				CLANG_WARN_STRICT_PROTOTYPES = YES;
				CLANG_WARN_SUSPICIOUS_MOVE = YES;
				CLANG_WARN_UNGUARDED_AVAILABILITY = YES_AGGRESSIVE;
				CLANG_WARN_UNREACHABLE_CODE = YES;
				CLANG_WARN__DUPLICATE_METHOD_MATCH = YES;
				COPY_PHASE_STRIP = NO;
				DEBUG_INFORMATION_FORMAT = "dwarf-with-dsym";
				ENABLE_NS_ASSERTIONS = NO;
				ENABLE_STRICT_OBJC_MSGSEND = YES;
				GCC_C_LANGUAGE_STANDARD = gnu11;
				GCC_NO_COMMON_BLOCKS = YES;
				GCC_WARN_64_TO_32_BIT_CONVERSION = YES;
				GCC_WARN_ABOUT_RETURN_TYPE = YES_ERROR;
				GCC_WARN_UNDECLARED_SELECTOR = YES;
				GCC_WARN_UNINITIALIZED_AUTOS = YES_AGGRESSIVE;
				GCC_WARN_UNUSED_FUNCTION = YES;
				GCC_WARN_UNUSED_VARIABLE = YES;
				IPHONEOS_DEPLOYMENT_TARGET = 13.4;
				MTL_ENABLE_DEBUG_INFO = NO;
				MTL_FAST_MATH = YES;
				SDKROOT = iphoneos;
				SWIFT_COMPILATION_MODE = wholemodule;
				SWIFT_OPTIMIZATION_LEVEL = "-O";
				VALIDATE_PRODUCT = YES;
				VERSIONING_SYSTEM = "apple-generic";
				VERSION_INFO_PREFIX = "";
			};
			name = Release;
		};
		F2AA378D246F30BF00B9388F /* Debug */ = {
			isa = XCBuildConfiguration;
			buildSettings = {
				BUILD_LIBRARY_FOR_DISTRIBUTION = YES;
				CLANG_ENABLE_MODULES = YES;
				CODE_SIGN_STYLE = Automatic;
				CURRENT_PROJECT_VERSION = 1;
				DEFINES_MODULE = YES;
				DEVELOPMENT_TEAM = 9EVH78F4V4;
				DYLIB_COMPATIBILITY_VERSION = 1;
				DYLIB_CURRENT_VERSION = 1;
				DYLIB_INSTALL_NAME_BASE = "@rpath";
				INFOPLIST_FILE = TwilioVerify/Info.plist;
				INSTALL_PATH = "$(LOCAL_LIBRARY_DIR)/Frameworks";
				LD_RUNPATH_SEARCH_PATHS = (
					"$(inherited)",
					"@executable_path/Frameworks",
					"@loader_path/Frameworks",
				);
				MARKETING_VERSION = 0.0.1;
				PRODUCT_BUNDLE_IDENTIFIER = com.twilio.TwilioVerify;
				PRODUCT_NAME = "$(TARGET_NAME:c99extidentifier)";
				SKIP_INSTALL = YES;
				SUPPORTS_MACCATALYST = NO;
				SWIFT_OPTIMIZATION_LEVEL = "-Onone";
				SWIFT_VERSION = 5.0;
				TARGETED_DEVICE_FAMILY = "1,2";
			};
			name = Debug;
		};
		F2AA378E246F30BF00B9388F /* Release */ = {
			isa = XCBuildConfiguration;
			buildSettings = {
				BUILD_LIBRARY_FOR_DISTRIBUTION = YES;
				CLANG_ENABLE_MODULES = YES;
				CODE_SIGN_STYLE = Automatic;
				CURRENT_PROJECT_VERSION = 1;
				DEFINES_MODULE = YES;
				DEVELOPMENT_TEAM = 9EVH78F4V4;
				DYLIB_COMPATIBILITY_VERSION = 1;
				DYLIB_CURRENT_VERSION = 1;
				DYLIB_INSTALL_NAME_BASE = "@rpath";
				INFOPLIST_FILE = TwilioVerify/Info.plist;
				INSTALL_PATH = "$(LOCAL_LIBRARY_DIR)/Frameworks";
				LD_RUNPATH_SEARCH_PATHS = (
					"$(inherited)",
					"@executable_path/Frameworks",
					"@loader_path/Frameworks",
				);
				MARKETING_VERSION = 0.0.1;
				PRODUCT_BUNDLE_IDENTIFIER = com.twilio.TwilioVerify;
				PRODUCT_NAME = "$(TARGET_NAME:c99extidentifier)";
				SKIP_INSTALL = YES;
				SUPPORTS_MACCATALYST = NO;
				SWIFT_VERSION = 5.0;
				TARGETED_DEVICE_FAMILY = "1,2";
			};
			name = Release;
		};
		F2AA3790246F30BF00B9388F /* Debug */ = {
			isa = XCBuildConfiguration;
			buildSettings = {
				ALWAYS_EMBED_SWIFT_STANDARD_LIBRARIES = YES;
				CODE_SIGN_STYLE = Automatic;
				DEVELOPMENT_TEAM = 9EVH78F4V4;
				INFOPLIST_FILE = TwilioVerifyTests/Info.plist;
				LD_RUNPATH_SEARCH_PATHS = (
					"$(inherited)",
					"@executable_path/Frameworks",
					"@loader_path/Frameworks",
				);
				PRODUCT_BUNDLE_IDENTIFIER = com.twilio.TwilioVerifyTests;
				PRODUCT_NAME = "$(TARGET_NAME)";
				SWIFT_VERSION = 5.0;
				TARGETED_DEVICE_FAMILY = "1,2";
			};
			name = Debug;
		};
		F2AA3791246F30BF00B9388F /* Release */ = {
			isa = XCBuildConfiguration;
			buildSettings = {
				ALWAYS_EMBED_SWIFT_STANDARD_LIBRARIES = YES;
				CODE_SIGN_STYLE = Automatic;
				DEVELOPMENT_TEAM = 9EVH78F4V4;
				INFOPLIST_FILE = TwilioVerifyTests/Info.plist;
				LD_RUNPATH_SEARCH_PATHS = (
					"$(inherited)",
					"@executable_path/Frameworks",
					"@loader_path/Frameworks",
				);
				PRODUCT_BUNDLE_IDENTIFIER = com.twilio.TwilioVerifyTests;
				PRODUCT_NAME = "$(TARGET_NAME)";
				SWIFT_VERSION = 5.0;
				TARGETED_DEVICE_FAMILY = "1,2";
			};
			name = Release;
		};
		F2AA37A8246F313500B9388F /* Debug */ = {
			isa = XCBuildConfiguration;
			buildSettings = {
				BUILD_LIBRARY_FOR_DISTRIBUTION = YES;
				CLANG_ENABLE_MODULES = YES;
				CODE_SIGN_STYLE = Automatic;
				CURRENT_PROJECT_VERSION = 1;
				DEFINES_MODULE = YES;
				DEVELOPMENT_TEAM = 9EVH78F4V4;
				DYLIB_COMPATIBILITY_VERSION = 1;
				DYLIB_CURRENT_VERSION = 1;
				DYLIB_INSTALL_NAME_BASE = "@rpath";
				INFOPLIST_FILE = TwilioSecurity/Info.plist;
				INSTALL_PATH = "$(LOCAL_LIBRARY_DIR)/Frameworks";
				LD_RUNPATH_SEARCH_PATHS = (
					"$(inherited)",
					"@executable_path/Frameworks",
					"@loader_path/Frameworks",
				);
				MARKETING_VERSION = 0.0.1;
				PRODUCT_BUNDLE_IDENTIFIER = com.twilio.Security;
				PRODUCT_NAME = TwilioSecurity;
				SKIP_INSTALL = YES;
				SUPPORTS_MACCATALYST = NO;
				SWIFT_OPTIMIZATION_LEVEL = "-Onone";
				SWIFT_VERSION = 5.0;
				TARGETED_DEVICE_FAMILY = "1,2";
			};
			name = Debug;
		};
		F2AA37A9246F313500B9388F /* Release */ = {
			isa = XCBuildConfiguration;
			buildSettings = {
				BUILD_LIBRARY_FOR_DISTRIBUTION = YES;
				CLANG_ENABLE_MODULES = YES;
				CODE_SIGN_STYLE = Automatic;
				CURRENT_PROJECT_VERSION = 1;
				DEFINES_MODULE = YES;
				DEVELOPMENT_TEAM = 9EVH78F4V4;
				DYLIB_COMPATIBILITY_VERSION = 1;
				DYLIB_CURRENT_VERSION = 1;
				DYLIB_INSTALL_NAME_BASE = "@rpath";
				INFOPLIST_FILE = TwilioSecurity/Info.plist;
				INSTALL_PATH = "$(LOCAL_LIBRARY_DIR)/Frameworks";
				LD_RUNPATH_SEARCH_PATHS = (
					"$(inherited)",
					"@executable_path/Frameworks",
					"@loader_path/Frameworks",
				);
				MARKETING_VERSION = 0.0.1;
				PRODUCT_BUNDLE_IDENTIFIER = com.twilio.Security;
				PRODUCT_NAME = TwilioSecurity;
				SKIP_INSTALL = YES;
				SUPPORTS_MACCATALYST = NO;
				SWIFT_VERSION = 5.0;
				TARGETED_DEVICE_FAMILY = "1,2";
			};
			name = Release;
		};
		F2AA37AA246F313500B9388F /* Debug */ = {
			isa = XCBuildConfiguration;
			buildSettings = {
				ALWAYS_EMBED_SWIFT_STANDARD_LIBRARIES = YES;
				CLANG_ENABLE_MODULES = YES;
				CODE_SIGN_STYLE = Automatic;
				DEVELOPMENT_TEAM = 9EVH78F4V4;
				INFOPLIST_FILE = TwilioSecurityTests/Info.plist;
				LD_RUNPATH_SEARCH_PATHS = (
					"$(inherited)",
					"@executable_path/Frameworks",
					"@loader_path/Frameworks",
				);
				PRODUCT_BUNDLE_IDENTIFIER = com.twilio.SecurityTests;
				PRODUCT_NAME = "$(TARGET_NAME)";
				SWIFT_OPTIMIZATION_LEVEL = "-Onone";
				SWIFT_VERSION = 5.0;
				TARGETED_DEVICE_FAMILY = "1,2";
				TEST_HOST = "$(BUILT_PRODUCTS_DIR)/HostApp.app/HostApp";
			};
			name = Debug;
		};
		F2AA37AB246F313500B9388F /* Release */ = {
			isa = XCBuildConfiguration;
			buildSettings = {
				ALWAYS_EMBED_SWIFT_STANDARD_LIBRARIES = YES;
				CLANG_ENABLE_MODULES = YES;
				CODE_SIGN_STYLE = Automatic;
				DEVELOPMENT_TEAM = 9EVH78F4V4;
				INFOPLIST_FILE = TwilioSecurityTests/Info.plist;
				LD_RUNPATH_SEARCH_PATHS = (
					"$(inherited)",
					"@executable_path/Frameworks",
					"@loader_path/Frameworks",
				);
				PRODUCT_BUNDLE_IDENTIFIER = com.twilio.SecurityTests;
				PRODUCT_NAME = "$(TARGET_NAME)";
				SWIFT_VERSION = 5.0;
				TARGETED_DEVICE_FAMILY = "1,2";
				TEST_HOST = "$(BUILT_PRODUCTS_DIR)/HostApp.app/HostApp";
			};
			name = Release;
		};
		F2F62FAF248846DC00E330E4 /* Debug */ = {
			isa = XCBuildConfiguration;
			buildSettings = {
				ASSETCATALOG_COMPILER_APPICON_NAME = AppIcon;
				CODE_SIGN_STYLE = Automatic;
				DEVELOPMENT_TEAM = 9EVH78F4V4;
				INFOPLIST_FILE = HostApp/Info.plist;
				IPHONEOS_DEPLOYMENT_TARGET = 13.5;
				LD_RUNPATH_SEARCH_PATHS = (
					"$(inherited)",
					"@executable_path/Frameworks",
				);
				PRODUCT_BUNDLE_IDENTIFIER = com.twilio.HostApp;
				PRODUCT_NAME = "$(TARGET_NAME)";
				SWIFT_VERSION = 5.0;
				TARGETED_DEVICE_FAMILY = "1,2";
			};
			name = Debug;
		};
		F2F62FB0248846DC00E330E4 /* Release */ = {
			isa = XCBuildConfiguration;
			buildSettings = {
				ASSETCATALOG_COMPILER_APPICON_NAME = AppIcon;
				CODE_SIGN_STYLE = Automatic;
				DEVELOPMENT_TEAM = 9EVH78F4V4;
				INFOPLIST_FILE = HostApp/Info.plist;
				IPHONEOS_DEPLOYMENT_TARGET = 13.5;
				LD_RUNPATH_SEARCH_PATHS = (
					"$(inherited)",
					"@executable_path/Frameworks",
				);
				PRODUCT_BUNDLE_IDENTIFIER = com.twilio.HostApp;
				PRODUCT_NAME = "$(TARGET_NAME)";
				SWIFT_VERSION = 5.0;
				TARGETED_DEVICE_FAMILY = "1,2";
			};
			name = Release;
		};
/* End XCBuildConfiguration section */

/* Begin XCConfigurationList section */
		F2AA3772246F30BE00B9388F /* Build configuration list for PBXProject "TwilioVerify" */ = {
			isa = XCConfigurationList;
			buildConfigurations = (
				F2AA378A246F30BF00B9388F /* Debug */,
				F2AA378B246F30BF00B9388F /* Release */,
			);
			defaultConfigurationIsVisible = 0;
			defaultConfigurationName = Release;
		};
		F2AA378C246F30BF00B9388F /* Build configuration list for PBXNativeTarget "TwilioVerify" */ = {
			isa = XCConfigurationList;
			buildConfigurations = (
				F2AA378D246F30BF00B9388F /* Debug */,
				F2AA378E246F30BF00B9388F /* Release */,
			);
			defaultConfigurationIsVisible = 0;
			defaultConfigurationName = Release;
		};
		F2AA378F246F30BF00B9388F /* Build configuration list for PBXNativeTarget "TwilioVerifyTests" */ = {
			isa = XCConfigurationList;
			buildConfigurations = (
				F2AA3790246F30BF00B9388F /* Debug */,
				F2AA3791246F30BF00B9388F /* Release */,
			);
			defaultConfigurationIsVisible = 0;
			defaultConfigurationName = Release;
		};
		F2AA37AC246F313500B9388F /* Build configuration list for PBXNativeTarget "TwilioSecurity" */ = {
			isa = XCConfigurationList;
			buildConfigurations = (
				F2AA37A8246F313500B9388F /* Debug */,
				F2AA37A9246F313500B9388F /* Release */,
			);
			defaultConfigurationIsVisible = 0;
			defaultConfigurationName = Release;
		};
		F2AA37AD246F313500B9388F /* Build configuration list for PBXNativeTarget "TwilioSecurityTests" */ = {
			isa = XCConfigurationList;
			buildConfigurations = (
				F2AA37AA246F313500B9388F /* Debug */,
				F2AA37AB246F313500B9388F /* Release */,
			);
			defaultConfigurationIsVisible = 0;
			defaultConfigurationName = Release;
		};
		F2F62FAE248846DC00E330E4 /* Build configuration list for PBXNativeTarget "HostApp" */ = {
			isa = XCConfigurationList;
			buildConfigurations = (
				F2F62FAF248846DC00E330E4 /* Debug */,
				F2F62FB0248846DC00E330E4 /* Release */,
			);
			defaultConfigurationIsVisible = 0;
			defaultConfigurationName = Release;
		};
/* End XCConfigurationList section */
	};
	rootObject = F2AA376F246F30BE00B9388F /* Project object */;
}
